
Microsoft Visual Studio Solution File, Format Version 12.00
# Visual Studio Version 17
VisualStudioVersion = 17.6.33723.286
MinimumVisualStudioVersion = 10.0.40219.1
Project("{FAE04EC0-301F-11D3-BF4B-00C04F79EFBC}") = "AppData", "AppData\AppData.csproj", "{2E30C779-FD98-4F18-AF40-65AEB2603CE3}"
EndProject
Project("{FAE04EC0-301F-11D3-BF4B-00C04F79EFBC}") = "AppAPI", "AppAPI\AppAPI.csproj", "{09DACF6F-4AB0-4777-92E4-01A7F5866C05}"
EndProject
Project("{FAE04EC0-301F-11D3-BF4B-00C04F79EFBC}") = "AppView", "AppView\AppView.csproj", "{5F8D965F-C90D-4840-9044-AB20564B25BB}"
EndProject
Global
	GlobalSection(SolutionConfigurationPlatforms) = preSolution
		Debug|Any CPU = Debug|Any CPU
		Release|Any CPU = Release|Any CPU
	EndGlobalSection
	GlobalSection(ProjectConfigurationPlatforms) = postSolution
		{2E30C779-FD98-4F18-AF40-65AEB2603CE3}.Debug|Any CPU.ActiveCfg = Debug|Any CPU
		{2E30C779-FD98-4F18-AF40-65AEB2603CE3}.Debug|Any CPU.Build.0 = Debug|Any CPU
		{2E30C779-FD98-4F18-AF40-65AEB2603CE3}.Release|Any CPU.ActiveCfg = Release|Any CPU
		{2E30C779-FD98-4F18-AF40-65AEB2603CE3}.Release|Any CPU.Build.0 = Release|Any CPU
		{09DACF6F-4AB0-4777-92E4-01A7F5866C05}.Debug|Any CPU.ActiveCfg = Debug|Any CPU
		{09DACF6F-4AB0-4777-92E4-01A7F5866C05}.Debug|Any CPU.Build.0 = Debug|Any CPU
		{09DACF6F-4AB0-4777-92E4-01A7F5866C05}.Release|Any CPU.ActiveCfg = Release|Any CPU
		{09DACF6F-4AB0-4777-92E4-01A7F5866C05}.Release|Any CPU.Build.0 = Release|Any CPU
		{5F8D965F-C90D-4840-9044-AB20564B25BB}.Debug|Any CPU.ActiveCfg = Debug|Any CPU
		{5F8D965F-C90D-4840-9044-AB20564B25BB}.Debug|Any CPU.Build.0 = Debug|Any CPU
		{5F8D965F-C90D-4840-9044-AB20564B25BB}.Release|Any CPU.ActiveCfg = Release|Any CPU
		{5F8D965F-C90D-4840-9044-AB20564B25BB}.Release|Any CPU.Build.0 = Release|Any CPU
	EndGlobalSection
	GlobalSection(SolutionProperties) = preSolution
		HideSolutionNode = FALSE
	EndGlobalSection
	GlobalSection(ExtensibilityGlobals) = postSolution
		SolutionGuid = {B82C862B-6278-4F71-9532-6E4DCD7ADDB1}
	EndGlobalSection
EndGlobal
